PODS:
  - Alamofire (4.3.0)
  - MBProgressHUD (1.0.0)
  - SDWebImage (3.8.2):
    - SDWebImage/Core (= 3.8.2)
  - SDWebImage/Core (3.8.2)
  - SwiftyJSON (3.1.0)
  - SWRevealViewController (2.3.0)

DEPENDENCIES:
  - Alamofire (~> 4.0)
  - MBProgressHUD
  - SDWebImage
  - SwiftyJSON
  - SWRevealViewController

SPEC CHECKSUMS:
  Alamofire: 856a113053a7bc9cbe5d6367a555d773fc5cfef7
  MBProgressHUD: 4890f671c94e8a0f3cf959aa731e9de2f036d71a
  SDWebImage: 098e97e6176540799c27e804c96653ee0833d13c
  SwiftyJSON: 29b9f2a64f118c07e691667c2ba1efe536acfe0b
  SWRevealViewController: 6d3fd97f70112fd7cef9de14df4260eacce4c63a

PODFILE CHECKSUM: 48b9c58359220618e68bb90c66663098ffefa18e

COCOAPODS: 1.0.1
