// !$*UTF8*$!
{
	archiveVersion = 1;
	classes = {
	};
	objectVersion = 46;
	objects = {

/* Begin PBXBuildFile section */
		7610C32C1E311485001D26F3 /* Chapter.swift in Sources */ = {isa = PBXBuildFile; fileRef = 7610C32B1E311485001D26F3 /* Chapter.swift */; };
		7610C32F1E311714001D26F3 /* ChapterViewController.swift in Sources */ = {isa = PBXBuildFile; fileRef = 7610C32E1E311714001D26F3 /* ChapterViewController.swift */; };
		764C15AE1E2DC4E9009D8554 /* AppDelegate.swift in Sources */ = {isa = PBXBuildFile; fileRef = 764C15AD1E2DC4E9009D8554 /* AppDelegate.swift */; };
		764C15B01E2DC4E9009D8554 /* ViewController.swift in Sources */ = {isa = PBXBuildFile; fileRef = 764C15AF1E2DC4E9009D8554 /* ViewController.swift */; };
		764C15B31E2DC4E9009D8554 /* Main.storyboard in Resources */ = {isa = PBXBuildFile; fileRef = 764C15B11E2DC4E9009D8554 /* Main.storyboard */; };
		764C15B51E2DC4E9009D8554 /* Assets.xcassets in Resources */ = {isa = PBXBuildFile; fileRef = 764C15B41E2DC4E9009D8554 /* Assets.xcassets */; };
		764C15B81E2DC4E9009D8554 /* LaunchScreen.storyboard in Resources */ = {isa = PBXBuildFile; fileRef = 764C15B61E2DC4E9009D8554 /* LaunchScreen.storyboard */; };
		764C15C31E2DC4EA009D8554 /* MangaOtakuTests.swift in Sources */ = {isa = PBXBuildFile; fileRef = 764C15C21E2DC4EA009D8554 /* MangaOtakuTests.swift */; };
		764C15CE1E2DC4EA009D8554 /* MangaOtakuUITests.swift in Sources */ = {isa = PBXBuildFile; fileRef = 764C15CD1E2DC4EA009D8554 /* MangaOtakuUITests.swift */; };
		764C15DD1E2DCE71009D8554 /* MainViewController.swift in Sources */ = {isa = PBXBuildFile; fileRef = 764C15DC1E2DCE71009D8554 /* MainViewController.swift */; };
		764C15DF1E2DCE7F009D8554 /* MenuViewController.swift in Sources */ = {isa = PBXBuildFile; fileRef = 764C15DE1E2DCE7F009D8554 /* MenuViewController.swift */; };
		766028B01E30E28B0024C0B3 /* 1484848990_icon-111-search.png in Resources */ = {isa = PBXBuildFile; fileRef = 766028AF1E30E28B0024C0B3 /* 1484848990_icon-111-search.png */; };
		766028B21E3106BC0024C0B3 /* SearchViewController.swift in Sources */ = {isa = PBXBuildFile; fileRef = 766028B11E3106BC0024C0B3 /* SearchViewController.swift */; };
		76B26FD21E30B45B0008B41E /* reveal-icon@2x.png in Resources */ = {isa = PBXBuildFile; fileRef = 76B26FD01E30B45B0008B41E /* reveal-icon@2x.png */; };
		76B26FD31E30B45B0008B41E /* reveal-icon.png in Resources */ = {isa = PBXBuildFile; fileRef = 76B26FD11E30B45B0008B41E /* reveal-icon.png */; };
		76B26FDA1E30BE140008B41E /* Defines.swift in Sources */ = {isa = PBXBuildFile; fileRef = 76B26FD91E30BE140008B41E /* Defines.swift */; };
		76B26FDC1E30C4120008B41E /* Genre.swift in Sources */ = {isa = PBXBuildFile; fileRef = 76B26FDB1E30C4120008B41E /* Genre.swift */; };
		76B26FDE1E30C43A0008B41E /* SharedCenter.swift in Sources */ = {isa = PBXBuildFile; fileRef = 76B26FDD1E30C43A0008B41E /* SharedCenter.swift */; };
		76E1634A1E30C61B00325F8F /* GenreTableViewCell.swift in Sources */ = {isa = PBXBuildFile; fileRef = 76E163481E30C61B00325F8F /* GenreTableViewCell.swift */; };
		76E1634B1E30C61B00325F8F /* GenreTableViewCell.xib in Resources */ = {isa = PBXBuildFile; fileRef = 76E163491E30C61B00325F8F /* GenreTableViewCell.xib */; };
		76E1634E1E30CC9E00325F8F /* CollectionViewCell.swift in Sources */ = {isa = PBXBuildFile; fileRef = 76E1634C1E30CC9E00325F8F /* CollectionViewCell.swift */; };
		76E1634F1E30CC9E00325F8F /* CollectionViewCell.xib in Resources */ = {isa = PBXBuildFile; fileRef = 76E1634D1E30CC9E00325F8F /* CollectionViewCell.xib */; };
		76E163511E30D23F00325F8F /* Manga.swift in Sources */ = {isa = PBXBuildFile; fileRef = 76E163501E30D23F00325F8F /* Manga.swift */; };
		76E163531E30DB9A00325F8F /* MangaDetailsViewController.swift in Sources */ = {isa = PBXBuildFile; fileRef = 76E163521E30DB9A00325F8F /* MangaDetailsViewController.swift */; };
		A6FE3B65B7D5BF886DBCF8CC /* Pods_MangaOtakuUITests.framework in Frameworks */ = {isa = PBXBuildFile; fileRef = FEC4A36362DCB8CE819F3CAA /* Pods_MangaOtakuUITests.framework */; };
		A8E4130E1C3409F6F0727C93 /* Pods_MangaOtaku.framework in Frameworks */ = {isa = PBXBuildFile; fileRef = 5AE049882753AB18D26AE4C6 /* Pods_MangaOtaku.framework */; };
		E3A054D16F1C06255767EA21 /* Pods_MangaOtakuTests.framework in Frameworks */ = {isa = PBXBuildFile; fileRef = 65D65646F477EBE64F2DB02B /* Pods_MangaOtakuTests.framework */; };
/* End PBXBuildFile section */

/* Begin PBXContainerItemProxy section */
		764C15BF1E2DC4EA009D8554 /* PBXContainerItemProxy */ = {
			isa = PBXContainerItemProxy;
			containerPortal = 764C15A21E2DC4E9009D8554 /* Project object */;
			proxyType = 1;
			remoteGlobalIDString = 764C15A91E2DC4E9009D8554;
			remoteInfo = MangaOtaku;
		};
		764C15CA1E2DC4EA009D8554 /* PBXContainerItemProxy */ = {
			isa = PBXContainerItemProxy;
			containerPortal = 764C15A21E2DC4E9009D8554 /* Project object */;
			proxyType = 1;
			remoteGlobalIDString = 764C15A91E2DC4E9009D8554;
			remoteInfo = MangaOtaku;
		};
/* End PBXContainerItemProxy section */

/* Begin PBXFileReference section */
		59A8BAEACEDB36FF75C4D35A /* Pods-MangaOtaku.release.xcconfig */ = {isa = PBXFileReference; includeInIndex = 1; lastKnownFileType = text.xcconfig; name = "Pods-MangaOtaku.release.xcconfig"; path = "Pods/Target Support Files/Pods-MangaOtaku/Pods-MangaOtaku.release.xcconfig"; sourceTree = "<group>"; };
		5AE049882753AB18D26AE4C6 /* Pods_MangaOtaku.framework */ = {isa = PBXFileReference; explicitFileType = wrapper.framework; includeInIndex = 0; path = Pods_MangaOtaku.framework; sourceTree = BUILT_PRODUCTS_DIR; };
		65D65646F477EBE64F2DB02B /* Pods_MangaOtakuTests.framework */ = {isa = PBXFileReference; explicitFileType = wrapper.framework; includeInIndex = 0; path = Pods_MangaOtakuTests.framework; sourceTree = BUILT_PRODUCTS_DIR; };
		663863D32DEB82382547E478 /* Pods-MangaOtakuTests.release.xcconfig */ = {isa = PBXFileReference; includeInIndex = 1; lastKnownFileType = text.xcconfig; name = "Pods-MangaOtakuTests.release.xcconfig"; path = "Pods/Target Support Files/Pods-MangaOtakuTests/Pods-MangaOtakuTests.release.xcconfig"; sourceTree = "<group>"; };
		685CC63120C8B2753848C72E /* Pods-MangaOtaku.debug.xcconfig */ = {isa = PBXFileReference; includeInIndex = 1; lastKnownFileType = text.xcconfig; name = "Pods-MangaOtaku.debug.xcconfig"; path = "Pods/Target Support Files/Pods-MangaOtaku/Pods-MangaOtaku.debug.xcconfig"; sourceTree = "<group>"; };
		7610C32B1E311485001D26F3 /* Chapter.swift */ = {isa = PBXFileReference; fileEncoding = 4; lastKnownFileType = sourcecode.swift; path = Chapter.swift; sourceTree = "<group>"; };
		7610C32E1E311714001D26F3 /* ChapterViewController.swift */ = {isa = PBXFileReference; fileEncoding = 4; lastKnownFileType = sourcecode.swift; path = ChapterViewController.swift; sourceTree = "<group>"; };
		764C15AA1E2DC4E9009D8554 /* MangaOtaku.app */ = {isa = PBXFileReference; explicitFileType = wrapper.application; includeInIndex = 0; path = MangaOtaku.app; sourceTree = BUILT_PRODUCTS_DIR; };
		764C15AD1E2DC4E9009D8554 /* AppDelegate.swift */ = {isa = PBXFileReference; lastKnownFileType = sourcecode.swift; path = AppDelegate.swift; sourceTree = "<group>"; };
		764C15AF1E2DC4E9009D8554 /* ViewController.swift */ = {isa = PBXFileReference; lastKnownFileType = sourcecode.swift; path = ViewController.swift; sourceTree = "<group>"; };
		764C15B21E2DC4E9009D8554 /* Base */ = {isa = PBXFileReference; lastKnownFileType = file.storyboard; name = Base; path = Base.lproj/Main.storyboard; sourceTree = "<group>"; };
		764C15B41E2DC4E9009D8554 /* Assets.xcassets */ = {isa = PBXFileReference; lastKnownFileType = folder.assetcatalog; path = Assets.xcassets; sourceTree = "<group>"; };
		764C15B71E2DC4E9009D8554 /* Base */ = {isa = PBXFileReference; lastKnownFileType = file.storyboard; name = Base; path = Base.lproj/LaunchScreen.storyboard; sourceTree = "<group>"; };
		764C15B91E2DC4E9009D8554 /* Info.plist */ = {isa = PBXFileReference; lastKnownFileType = text.plist.xml; path = Info.plist; sourceTree = "<group>"; };
		764C15BE1E2DC4EA009D8554 /* MangaOtakuTests.xctest */ = {isa = PBXFileReference; explicitFileType = wrapper.cfbundle; includeInIndex = 0; path = MangaOtakuTests.xctest; sourceTree = BUILT_PRODUCTS_DIR; };
		764C15C21E2DC4EA009D8554 /* MangaOtakuTests.swift */ = {isa = PBXFileReference; lastKnownFileType = sourcecode.swift; path = MangaOtakuTests.swift; sourceTree = "<group>"; };
		764C15C41E2DC4EA009D8554 /* Info.plist */ = {isa = PBXFileReference; lastKnownFileType = text.plist.xml; path = Info.plist; sourceTree = "<group>"; };
		764C15C91E2DC4EA009D8554 /* MangaOtakuUITests.xctest */ = {isa = PBXFileReference; explicitFileType = wrapper.cfbundle; includeInIndex = 0; path = MangaOtakuUITests.xctest; sourceTree = BUILT_PRODUCTS_DIR; };
		764C15CD1E2DC4EA009D8554 /* MangaOtakuUITests.swift */ = {isa = PBXFileReference; lastKnownFileType = sourcecode.swift; path = MangaOtakuUITests.swift; sourceTree = "<group>"; };
		764C15CF1E2DC4EA009D8554 /* Info.plist */ = {isa = PBXFileReference; lastKnownFileType = text.plist.xml; path = Info.plist; sourceTree = "<group>"; };
		764C15DC1E2DCE71009D8554 /* MainViewController.swift */ = {isa = PBXFileReference; fileEncoding = 4; lastKnownFileType = sourcecode.swift; path = MainViewController.swift; sourceTree = "<group>"; };
		764C15DE1E2DCE7F009D8554 /* MenuViewController.swift */ = {isa = PBXFileReference; fileEncoding = 4; lastKnownFileType = sourcecode.swift; path = MenuViewController.swift; sourceTree = "<group>"; };
		766028AF1E30E28B0024C0B3 /* 1484848990_icon-111-search.png */ = {isa = PBXFileReference; lastKnownFileType = image.png; path = "1484848990_icon-111-search.png"; sourceTree = "<group>"; };
		766028B11E3106BC0024C0B3 /* SearchViewController.swift */ = {isa = PBXFileReference; fileEncoding = 4; lastKnownFileType = sourcecode.swift; path = SearchViewController.swift; sourceTree = "<group>"; };
		76B26FD01E30B45B0008B41E /* reveal-icon@2x.png */ = {isa = PBXFileReference; lastKnownFileType = image.png; path = "reveal-icon@2x.png"; sourceTree = "<group>"; };
		76B26FD11E30B45B0008B41E /* reveal-icon.png */ = {isa = PBXFileReference; lastKnownFileType = image.png; path = "reveal-icon.png"; sourceTree = "<group>"; };
		76B26FD51E30B9D30008B41E /* MangaOtaku-Bridging-Header.h */ = {isa = PBXFileReference; lastKnownFileType = sourcecode.c.h; path = "MangaOtaku-Bridging-Header.h"; sourceTree = "<group>"; };
		76B26FD91E30BE140008B41E /* Defines.swift */ = {isa = PBXFileReference; fileEncoding = 4; lastKnownFileType = sourcecode.swift; path = Defines.swift; sourceTree = "<group>"; };
		76B26FDB1E30C4120008B41E /* Genre.swift */ = {isa = PBXFileReference; fileEncoding = 4; lastKnownFileType = sourcecode.swift; path = Genre.swift; sourceTree = "<group>"; };
		76B26FDD1E30C43A0008B41E /* SharedCenter.swift */ = {isa = PBXFileReference; fileEncoding = 4; lastKnownFileType = sourcecode.swift; path = SharedCenter.swift; sourceTree = "<group>"; };
		76E163481E30C61B00325F8F /* GenreTableViewCell.swift */ = {isa = PBXFileReference; fileEncoding = 4; lastKnownFileType = sourcecode.swift; path = GenreTableViewCell.swift; sourceTree = "<group>"; };
		76E163491E30C61B00325F8F /* GenreTableViewCell.xib */ = {isa = PBXFileReference; fileEncoding = 4; lastKnownFileType = file.xib; path = GenreTableViewCell.xib; sourceTree = "<group>"; };
		76E1634C1E30CC9E00325F8F /* CollectionViewCell.swift */ = {isa = PBXFileReference; fileEncoding = 4; lastKnownFileType = sourcecode.swift; path = CollectionViewCell.swift; sourceTree = "<group>"; };
		76E1634D1E30CC9E00325F8F /* CollectionViewCell.xib */ = {isa = PBXFileReference; fileEncoding = 4; lastKnownFileType = file.xib; path = CollectionViewCell.xib; sourceTree = "<group>"; };
		76E163501E30D23F00325F8F /* Manga.swift */ = {isa = PBXFileReference; fileEncoding = 4; lastKnownFileType = sourcecode.swift; path = Manga.swift; sourceTree = "<group>"; };
		76E163521E30DB9A00325F8F /* MangaDetailsViewController.swift */ = {isa = PBXFileReference; fileEncoding = 4; lastKnownFileType = sourcecode.swift; path = MangaDetailsViewController.swift; sourceTree = "<group>"; };
		78E839EE2171995D97831E09 /* Pods-MangaOtakuTests.debug.xcconfig */ = {isa = PBXFileReference; includeInIndex = 1; lastKnownFileType = text.xcconfig; name = "Pods-MangaOtakuTests.debug.xcconfig"; path = "Pods/Target Support Files/Pods-MangaOtakuTests/Pods-MangaOtakuTests.debug.xcconfig"; sourceTree = "<group>"; };
		EACB6FBCEC2E67F3142E89AC /* Pods-MangaOtakuUITests.debug.xcconfig */ = {isa = PBXFileReference; includeInIndex = 1; lastKnownFileType = text.xcconfig; name = "Pods-MangaOtakuUITests.debug.xcconfig"; path = "Pods/Target Support Files/Pods-MangaOtakuUITests/Pods-MangaOtakuUITests.debug.xcconfig"; sourceTree = "<group>"; };
		F07450390F8559C061C7DA50 /* Pods-MangaOtakuUITests.release.xcconfig */ = {isa = PBXFileReference; includeInIndex = 1; lastKnownFileType = text.xcconfig; name = "Pods-MangaOtakuUITests.release.xcconfig"; path = "Pods/Target Support Files/Pods-MangaOtakuUITests/Pods-MangaOtakuUITests.release.xcconfig"; sourceTree = "<group>"; };
		FEC4A36362DCB8CE819F3CAA /* Pods_MangaOtakuUITests.framework */ = {isa = PBXFileReference; explicitFileType = wrapper.framework; includeInIndex = 0; path = Pods_MangaOtakuUITests.framework; sourceTree = BUILT_PRODUCTS_DIR; };
/* End PBXFileReference section */

/* Begin PBXFrameworksBuildPhase section */
		764C15A71E2DC4E9009D8554 /* Frameworks */ = {
			isa = PBXFrameworksBuildPhase;
			buildActionMask = 2147483647;
			files = (
				A8E4130E1C3409F6F0727C93 /* Pods_MangaOtaku.framework in Frameworks */,
			);
			runOnlyForDeploymentPostprocessing = 0;
		};
		764C15BB1E2DC4EA009D8554 /* Frameworks */ = {
			isa = PBXFrameworksBuildPhase;
			buildActionMask = 2147483647;
			files = (
				E3A054D16F1C06255767EA21 /* Pods_MangaOtakuTests.framework in Frameworks */,
			);
			runOnlyForDeploymentPostprocessing = 0;
		};
		764C15C61E2DC4EA009D8554 /* Frameworks */ = {
			isa = PBXFrameworksBuildPhase;
			buildActionMask = 2147483647;
			files = (
				A6FE3B65B7D5BF886DBCF8CC /* Pods_MangaOtakuUITests.framework in Frameworks */,
			);
			runOnlyForDeploymentPostprocessing = 0;
		};
/* End PBXFrameworksBuildPhase section */

/* Begin PBXGroup section */
		764C15A11E2DC4E9009D8554 = {
			isa = PBXGroup;
			children = (
				764C15AC1E2DC4E9009D8554 /* MangaOtaku */,
				764C15C11E2DC4EA009D8554 /* MangaOtakuTests */,
				764C15CC1E2DC4EA009D8554 /* MangaOtakuUITests */,
				764C15AB1E2DC4E9009D8554 /* Products */,
				8B2292468DD0C36EFF475B15 /* Pods */,
				C44FB3367FA0FC2EB6167677 /* Frameworks */,
			);
			sourceTree = "<group>";
		};
		764C15AB1E2DC4E9009D8554 /* Products */ = {
			isa = PBXGroup;
			children = (
				764C15AA1E2DC4E9009D8554 /* MangaOtaku.app */,
				764C15BE1E2DC4EA009D8554 /* MangaOtakuTests.xctest */,
				764C15C91E2DC4EA009D8554 /* MangaOtakuUITests.xctest */,
			);
			name = Products;
			sourceTree = "<group>";
		};
		764C15AC1E2DC4E9009D8554 /* MangaOtaku */ = {
			isa = PBXGroup;
			children = (
				76B26FD81E30BDD00008B41E /* Classes */,
				76B26FCF1E30B4550008B41E /* Resources */,
				764C15DB1E2DCE5E009D8554 /* ViewControllers */,
				764C15AD1E2DC4E9009D8554 /* AppDelegate.swift */,
				764C15AF1E2DC4E9009D8554 /* ViewController.swift */,
				764C15B11E2DC4E9009D8554 /* Main.storyboard */,
				764C15B41E2DC4E9009D8554 /* Assets.xcassets */,
				764C15B61E2DC4E9009D8554 /* LaunchScreen.storyboard */,
				764C15B91E2DC4E9009D8554 /* Info.plist */,
			);
			path = MangaOtaku;
			sourceTree = "<group>";
		};
		764C15C11E2DC4EA009D8554 /* MangaOtakuTests */ = {
			isa = PBXGroup;
			children = (
				764C15C21E2DC4EA009D8554 /* MangaOtakuTests.swift */,
				764C15C41E2DC4EA009D8554 /* Info.plist */,
			);
			path = MangaOtakuTests;
			sourceTree = "<group>";
		};
		764C15CC1E2DC4EA009D8554 /* MangaOtakuUITests */ = {
			isa = PBXGroup;
			children = (
				764C15CD1E2DC4EA009D8554 /* MangaOtakuUITests.swift */,
				764C15CF1E2DC4EA009D8554 /* Info.plist */,
			);
			path = MangaOtakuUITests;
			sourceTree = "<group>";
		};
		764C15DB1E2DCE5E009D8554 /* ViewControllers */ = {
			isa = PBXGroup;
			children = (
				764C15DC1E2DCE71009D8554 /* MainViewController.swift */,
				764C15DE1E2DCE7F009D8554 /* MenuViewController.swift */,
				76E163481E30C61B00325F8F /* GenreTableViewCell.swift */,
				76E163491E30C61B00325F8F /* GenreTableViewCell.xib */,
				76E1634C1E30CC9E00325F8F /* CollectionViewCell.swift */,
				76E1634D1E30CC9E00325F8F /* CollectionViewCell.xib */,
				76E163521E30DB9A00325F8F /* MangaDetailsViewController.swift */,
				766028B11E3106BC0024C0B3 /* SearchViewController.swift */,
				7610C32E1E311714001D26F3 /* ChapterViewController.swift */,
			);
			path = ViewControllers;
			sourceTree = "<group>";
		};
		76B26FCF1E30B4550008B41E /* Resources */ = {
			isa = PBXGroup;
			children = (
				766028AF1E30E28B0024C0B3 /* 1484848990_icon-111-search.png */,
				76B26FD01E30B45B0008B41E /* reveal-icon@2x.png */,
				76B26FD11E30B45B0008B41E /* reveal-icon.png */,
				76B26FD51E30B9D30008B41E /* MangaOtaku-Bridging-Header.h */,
			);
			path = Resources;
			sourceTree = "<group>";
		};
		76B26FD81E30BDD00008B41E /* Classes */ = {
			isa = PBXGroup;
			children = (
				76B26FD91E30BE140008B41E /* Defines.swift */,
				76B26FDB1E30C4120008B41E /* Genre.swift */,
				76B26FDD1E30C43A0008B41E /* SharedCenter.swift */,
				76E163501E30D23F00325F8F /* Manga.swift */,
				7610C32B1E311485001D26F3 /* Chapter.swift */,
			);
			path = Classes;
			sourceTree = "<group>";
		};
		8B2292468DD0C36EFF475B15 /* Pods */ = {
			isa = PBXGroup;
			children = (
				685CC63120C8B2753848C72E /* Pods-MangaOtaku.debug.xcconfig */,
				59A8BAEACEDB36FF75C4D35A /* Pods-MangaOtaku.release.xcconfig */,
				78E839EE2171995D97831E09 /* Pods-MangaOtakuTests.debug.xcconfig */,
				663863D32DEB82382547E478 /* Pods-MangaOtakuTests.release.xcconfig */,
				EACB6FBCEC2E67F3142E89AC /* Pods-MangaOtakuUITests.debug.xcconfig */,
				F07450390F8559C061C7DA50 /* Pods-MangaOtakuUITests.release.xcconfig */,
			);
			name = Pods;
			sourceTree = "<group>";
		};
		C44FB3367FA0FC2EB6167677 /* Frameworks */ = {
			isa = PBXGroup;
			children = (
				5AE049882753AB18D26AE4C6 /* Pods_MangaOtaku.framework */,
				65D65646F477EBE64F2DB02B /* Pods_MangaOtakuTests.framework */,
				FEC4A36362DCB8CE819F3CAA /* Pods_MangaOtakuUITests.framework */,
			);
			name = Frameworks;
			sourceTree = "<group>";
		};
/* End PBXGroup section */

/* Begin PBXNativeTarget section */
		764C15A91E2DC4E9009D8554 /* MangaOtaku */ = {
			isa = PBXNativeTarget;
			buildConfigurationList = 764C15D21E2DC4EA009D8554 /* Build configuration list for PBXNativeTarget "MangaOtaku" */;
			buildPhases = (
				3494F8C28B433596310ACF2B /* [CP] Check Pods Manifest.lock */,
				764C15A61E2DC4E9009D8554 /* Sources */,
				764C15A71E2DC4E9009D8554 /* Frameworks */,
				764C15A81E2DC4E9009D8554 /* Resources */,
				F7D1C7FCE96F405923387451 /* [CP] Embed Pods Frameworks */,
				C953D7B39934DA13C2FF7341 /* [CP] Copy Pods Resources */,
			);
			buildRules = (
			);
			dependencies = (
			);
			name = MangaOtaku;
			productName = MangaOtaku;
			productReference = 764C15AA1E2DC4E9009D8554 /* MangaOtaku.app */;
			productType = "com.apple.product-type.application";
		};
		764C15BD1E2DC4EA009D8554 /* MangaOtakuTests */ = {
			isa = PBXNativeTarget;
			buildConfigurationList = 764C15D51E2DC4EA009D8554 /* Build configuration list for PBXNativeTarget "MangaOtakuTests" */;
			buildPhases = (
				E4A1D7C7CA1CEFB19374329E /* [CP] Check Pods Manifest.lock */,
				764C15BA1E2DC4EA009D8554 /* Sources */,
				764C15BB1E2DC4EA009D8554 /* Frameworks */,
				764C15BC1E2DC4EA009D8554 /* Resources */,
				9D5D0818CE2FECD349FF215A /* [CP] Embed Pods Frameworks */,
				3EAC08F96CA8E1CE7C1A236C /* [CP] Copy Pods Resources */,
			);
			buildRules = (
			);
			dependencies = (
				764C15C01E2DC4EA009D8554 /* PBXTargetDependency */,
			);
			name = MangaOtakuTests;
			productName = MangaOtakuTests;
			productReference = 764C15BE1E2DC4EA009D8554 /* MangaOtakuTests.xctest */;
			productType = "com.apple.product-type.bundle.unit-test";
		};
		764C15C81E2DC4EA009D8554 /* MangaOtakuUITests */ = {
			isa = PBXNativeTarget;
			buildConfigurationList = 764C15D81E2DC4EA009D8554 /* Build configuration list for PBXNativeTarget "MangaOtakuUITests" */;
			buildPhases = (
				7FC4D368CECE67EF69987814 /* [CP] Check Pods Manifest.lock */,
				764C15C51E2DC4EA009D8554 /* Sources */,
				764C15C61E2DC4EA009D8554 /* Frameworks */,
				764C15C71E2DC4EA009D8554 /* Resources */,
				57DFD1FA5FD79C9CD7DF10F8 /* [CP] Copy Pods Resources */,
			);
			buildRules = (
			);
			dependencies = (
				764C15CB1E2DC4EA009D8554 /* PBXTargetDependency */,
			);
			name = MangaOtakuUITests;
			productName = MangaOtakuUITests;
			productReference = 764C15C91E2DC4EA009D8554 /* MangaOtakuUITests.xctest */;
			productType = "com.apple.product-type.bundle.ui-testing";
		};
/* End PBXNativeTarget section */

/* Begin PBXProject section */
		764C15A21E2DC4E9009D8554 /* Project object */ = {
			isa = PBXProject;
			attributes = {
				LastSwiftUpdateCheck = 0820;
				LastUpgradeCheck = 0820;
				ORGANIZATIONNAME = "Vox Long";
				TargetAttributes = {
					764C15A91E2DC4E9009D8554 = {
						CreatedOnToolsVersion = 8.2.1;
						LastSwiftMigration = 0820;
						ProvisioningStyle = Automatic;
					};
					764C15BD1E2DC4EA009D8554 = {
						CreatedOnToolsVersion = 8.2.1;
						ProvisioningStyle = Automatic;
						TestTargetID = 764C15A91E2DC4E9009D8554;
					};
					764C15C81E2DC4EA009D8554 = {
						CreatedOnToolsVersion = 8.2.1;
						ProvisioningStyle = Automatic;
						TestTargetID = 764C15A91E2DC4E9009D8554;
					};
				};
			};
			buildConfigurationList = 764C15A51E2DC4E9009D8554 /* Build configuration list for PBXProject "MangaOtaku" */;
			compatibilityVersion = "Xcode 3.2";
			developmentRegion = English;
			hasScannedForEncodings = 0;
			knownRegions = (
				en,
				Base,
			);
			mainGroup = 764C15A11E2DC4E9009D8554;
			productRefGroup = 764C15AB1E2DC4E9009D8554 /* Products */;
			projectDirPath = "";
			projectRoot = "";
			targets = (
				764C15A91E2DC4E9009D8554 /* MangaOtaku */,
				764C15BD1E2DC4EA009D8554 /* MangaOtakuTests */,
				764C15C81E2DC4EA009D8554 /* MangaOtakuUITests */,
			);
		};
/* End PBXProject section */

/* Begin PBXResourcesBuildPhase section */
		764C15A81E2DC4E9009D8554 /* Resources */ = {
			isa = PBXResourcesBuildPhase;
			buildActionMask = 2147483647;
			files = (
				76B26FD21E30B45B0008B41E /* reveal-icon@2x.png in Resources */,
				76E1634F1E30CC9E00325F8F /* CollectionViewCell.xib in Resources */,
				764C15B81E2DC4E9009D8554 /* LaunchScreen.storyboard in Resources */,
				766028B01E30E28B0024C0B3 /* 1484848990_icon-111-search.png in Resources */,
				764C15B51E2DC4E9009D8554 /* Assets.xcassets in Resources */,
				76E1634B1E30C61B00325F8F /* GenreTableViewCell.xib in Resources */,
				764C15B31E2DC4E9009D8554 /* Main.storyboard in Resources */,
				76B26FD31E30B45B0008B41E /* reveal-icon.png in Resources */,
			);
			runOnlyForDeploymentPostprocessing = 0;
		};
		764C15BC1E2DC4EA009D8554 /* Resources */ = {
			isa = PBXResourcesBuildPhase;
			buildActionMask = 2147483647;
			files = (
			);
			runOnlyForDeploymentPostprocessing = 0;
		};
		764C15C71E2DC4EA009D8554 /* Resources */ = {
			isa = PBXResourcesBuildPhase;
			buildActionMask = 2147483647;
			files = (
			);
			runOnlyForDeploymentPostprocessing = 0;
		};
/* End PBXResourcesBuildPhase section */

/* Begin PBXShellScriptBuildPhase section */
		3494F8C28B433596310ACF2B /* [CP] Check Pods Manifest.lock */ = {
			isa = PBXShellScriptBuildPhase;
			buildActionMask = 2147483647;
			files = (
			);
			inputPaths = (
			);
			name = "[CP] Check Pods Manifest.lock";
			outputPaths = (
			);
			runOnlyForDeploymentPostprocessing = 0;
			shellPath = /bin/sh;
			shellScript = "diff \"${PODS_ROOT}/../Podfile.lock\" \"${PODS_ROOT}/Manifest.lock\" > /dev/null\nif [[ $? != 0 ]] ; then\n    cat << EOM\nerror: The sandbox is not in sync with the Podfile.lock. Run 'pod install' or update your CocoaPods installation.\nEOM\n    exit 1\nfi\n";
			showEnvVarsInLog = 0;
		};
		3EAC08F96CA8E1CE7C1A236C /* [CP] Copy Pods Resources */ = {
			isa = PBXShellScriptBuildPhase;
			buildActionMask = 2147483647;
			files = (
			);
			inputPaths = (
			);
			name = "[CP] Copy Pods Resources";
			outputPaths = (
			);
			runOnlyForDeploymentPostprocessing = 0;
			shellPath = /bin/sh;
			shellScript = "\"${SRCROOT}/Pods/Target Support Files/Pods-MangaOtakuTests/Pods-MangaOtakuTests-resources.sh\"\n";
			showEnvVarsInLog = 0;
		};
		57DFD1FA5FD79C9CD7DF10F8 /* [CP] Copy Pods Resources */ = {
			isa = PBXShellScriptBuildPhase;
			buildActionMask = 2147483647;
			files = (
			);
			inputPaths = (
			);
			name = "[CP] Copy Pods Resources";
			outputPaths = (
			);
			runOnlyForDeploymentPostprocessing = 0;
			shellPath = /bin/sh;
			shellScript = "\"${SRCROOT}/Pods/Target Support Files/Pods-MangaOtakuUITests/Pods-MangaOtakuUITests-resources.sh\"\n";
			showEnvVarsInLog = 0;
		};
		7FC4D368CECE67EF69987814 /* [CP] Check Pods Manifest.lock */ = {
			isa = PBXShellScriptBuildPhase;
			buildActionMask = 2147483647;
			files = (
			);
			inputPaths = (
			);
			name = "[CP] Check Pods Manifest.lock";
			outputPaths = (
			);
			runOnlyForDeploymentPostprocessing = 0;
			shellPath = /bin/sh;
			shellScript = "diff \"${PODS_ROOT}/../Podfile.lock\" \"${PODS_ROOT}/Manifest.lock\" > /dev/null\nif [[ $? != 0 ]] ; then\n    cat << EOM\nerror: The sandbox is not in sync with the Podfile.lock. Run 'pod install' or update your CocoaPods installation.\nEOM\n    exit 1\nfi\n";
			showEnvVarsInLog = 0;
		};
		9D5D0818CE2FECD349FF215A /* [CP] Embed Pods Frameworks */ = {
			isa = PBXShellScriptBuildPhase;
			buildActionMask = 2147483647;
			files = (
			);
			inputPaths = (
			);
			name = "[CP] Embed Pods Frameworks";
			outputPaths = (
			);
			runOnlyForDeploymentPostprocessing = 0;
			shellPath = /bin/sh;
			shellScript = "\"${SRCROOT}/Pods/Target Support Files/Pods-MangaOtakuTests/Pods-MangaOtakuTests-frameworks.sh\"\n";
			showEnvVarsInLog = 0;
		};
		C953D7B39934DA13C2FF7341 /* [CP] Copy Pods Resources */ = {
			isa = PBXShellScriptBuildPhase;
			buildActionMask = 2147483647;
			files = (
			);
			inputPaths = (
			);
			name = "[CP] Copy Pods Resources";
			outputPaths = (
			);
			runOnlyForDeploymentPostprocessing = 0;
			shellPath = /bin/sh;
			shellScript = "\"${SRCROOT}/Pods/Target Support Files/Pods-MangaOtaku/Pods-MangaOtaku-resources.sh\"\n";
			showEnvVarsInLog = 0;
		};
		E4A1D7C7CA1CEFB19374329E /* [CP] Check Pods Manifest.lock */ = {
			isa = PBXShellScriptBuildPhase;
			buildActionMask = 2147483647;
			files = (
			);
			inputPaths = (
			);
			name = "[CP] Check Pods Manifest.lock";
			outputPaths = (
			);
			runOnlyForDeploymentPostprocessing = 0;
			shellPath = /bin/sh;
			shellScript = "diff \"${PODS_ROOT}/../Podfile.lock\" \"${PODS_ROOT}/Manifest.lock\" > /dev/null\nif [[ $? != 0 ]] ; then\n    cat << EOM\nerror: The sandbox is not in sync with the Podfile.lock. Run 'pod install' or update your CocoaPods installation.\nEOM\n    exit 1\nfi\n";
			showEnvVarsInLog = 0;
		};
		F7D1C7FCE96F405923387451 /* [CP] Embed Pods Frameworks */ = {
			isa = PBXShellScriptBuildPhase;
			buildActionMask = 2147483647;
			files = (
			);
			inputPaths = (
			);
			name = "[CP] Embed Pods Frameworks";
			outputPaths = (
			);
			runOnlyForDeploymentPostprocessing = 0;
			shellPath = /bin/sh;
			shellScript = "\"${SRCROOT}/Pods/Target Support Files/Pods-MangaOtaku/Pods-MangaOtaku-frameworks.sh\"\n";
			showEnvVarsInLog = 0;
		};
/* End PBXShellScriptBuildPhase section */

/* Begin PBXSourcesBuildPhase section */
		764C15A61E2DC4E9009D8554 /* Sources */ = {
			isa = PBXSourcesBuildPhase;
			buildActionMask = 2147483647;
			files = (
				764C15DD1E2DCE71009D8554 /* MainViewController.swift in Sources */,
				764C15B01E2DC4E9009D8554 /* ViewController.swift in Sources */,
				76E163511E30D23F00325F8F /* Manga.swift in Sources */,
				76E1634E1E30CC9E00325F8F /* CollectionViewCell.swift in Sources */,
				764C15AE1E2DC4E9009D8554 /* AppDelegate.swift in Sources */,
				76B26FDC1E30C4120008B41E /* Genre.swift in Sources */,
				766028B21E3106BC0024C0B3 /* SearchViewController.swift in Sources */,
				7610C32C1E311485001D26F3 /* Chapter.swift in Sources */,
				76B26FDA1E30BE140008B41E /* Defines.swift in Sources */,
				764C15DF1E2DCE7F009D8554 /* MenuViewController.swift in Sources */,
				7610C32F1E311714001D26F3 /* ChapterViewController.swift in Sources */,
				76E163531E30DB9A00325F8F /* MangaDetailsViewController.swift in Sources */,
				76B26FDE1E30C43A0008B41E /* SharedCenter.swift in Sources */,
				76E1634A1E30C61B00325F8F /* GenreTableViewCell.swift in Sources */,
			);
			runOnlyForDeploymentPostprocessing = 0;
		};
		764C15BA1E2DC4EA009D8554 /* Sources */ = {
			isa = PBXSourcesBuildPhase;
			buildActionMask = 2147483647;
			files = (
				764C15C31E2DC4EA009D8554 /* MangaOtakuTests.swift in Sources */,
			);
			runOnlyForDeploymentPostprocessing = 0;
		};
		764C15C51E2DC4EA009D8554 /* Sources */ = {
			isa = PBXSourcesBuildPhase;
			buildActionMask = 2147483647;
			files = (
				764C15CE1E2DC4EA009D8554 /* MangaOtakuUITests.swift in Sources */,
			);
			runOnlyForDeploymentPostprocessing = 0;
		};
/* End PBXSourcesBuildPhase section */

/* Begin PBXTargetDependency section */
		764C15C01E2DC4EA009D8554 /* PBXTargetDependency */ = {
			isa = PBXTargetDependency;
			target = 764C15A91E2DC4E9009D8554 /* MangaOtaku */;
			targetProxy = 764C15BF1E2DC4EA009D8554 /* PBXContainerItemProxy */;
		};
		764C15CB1E2DC4EA009D8554 /* PBXTargetDependency */ = {
			isa = PBXTargetDependency;
			target = 764C15A91E2DC4E9009D8554 /* MangaOtaku */;
			targetProxy = 764C15CA1E2DC4EA009D8554 /* PBXContainerItemProxy */;
		};
/* End PBXTargetDependency section */

/* Begin PBXVariantGroup section */
		764C15B11E2DC4E9009D8554 /* Main.storyboard */ = {
			isa = PBXVariantGroup;
			children = (
				764C15B21E2DC4E9009D8554 /* Base */,
			);
			name = Main.storyboard;
			sourceTree = "<group>";
		};
		764C15B61E2DC4E9009D8554 /* LaunchScreen.storyboard */ = {
			isa = PBXVariantGroup;
			children = (
				764C15B71E2DC4E9009D8554 /* Base */,
			);
			name = LaunchScreen.storyboard;
			sourceTree = "<group>";
		};
/* End PBXVariantGroup section */

/* Begin XCBuildConfiguration section */
		764C15D01E2DC4EA009D8554 /* Debug */ = {
			isa = XCBuildConfiguration;
			buildSettings = {
				ALWAYS_SEARCH_USER_PATHS = NO;
				CLANG_ANALYZER_NONNULL = YES;
				CLANG_CXX_LANGUAGE_STANDARD = "gnu++0x";
				CLANG_CXX_LIBRARY = "libc++";
				CLANG_ENABLE_MODULES = YES;
				CLANG_ENABLE_OBJC_ARC = YES;
				CLANG_WARN_BOOL_CONVERSION = YES;
				CLANG_WARN_CONSTANT_CONVERSION = YES;
				CLANG_WARN_DIRECT_OBJC_ISA_USAGE = YES_ERROR;
				CLANG_WARN_DOCUMENTATION_COMMENTS = YES;
				CLANG_WARN_EMPTY_BODY = YES;
				CLANG_WARN_ENUM_CONVERSION = YES;
				CLANG_WARN_INFINITE_RECURSION = YES;
				CLANG_WARN_INT_CONVERSION = YES;
				CLANG_WARN_OBJC_ROOT_CLASS = YES_ERROR;
				CLANG_WARN_SUSPICIOUS_MOVE = YES;
				CLANG_WARN_UNREACHABLE_CODE = YES;
				CLANG_WARN__DUPLICATE_METHOD_MATCH = YES;
				"CODE_SIGN_IDENTITY[sdk=iphoneos*]" = "iPhone Developer";
				COPY_PHASE_STRIP = NO;
				DEBUG_INFORMATION_FORMAT = dwarf;
				ENABLE_STRICT_OBJC_MSGSEND = YES;
				ENABLE_TESTABILITY = YES;
				GCC_C_LANGUAGE_STANDARD = gnu99;
				GCC_DYNAMIC_NO_PIC = NO;
				GCC_NO_COMMON_BLOCKS = YES;
				GCC_OPTIMIZATION_LEVEL = 0;
				GCC_PREPROCESSOR_DEFINITIONS = (
					"DEBUG=1",
					"$(inherited)",
				);
				GCC_WARN_64_TO_32_BIT_CONVERSION = YES;
				GCC_WARN_ABOUT_RETURN_TYPE = YES_ERROR;
				GCC_WARN_UNDECLARED_SELECTOR = YES;
				GCC_WARN_UNINITIALIZED_AUTOS = YES_AGGRESSIVE;
				GCC_WARN_UNUSED_FUNCTION = YES;
				GCC_WARN_UNUSED_VARIABLE = YES;
				IPHONEOS_DEPLOYMENT_TARGET = 10.2;
				MTL_ENABLE_DEBUG_INFO = YES;
				ONLY_ACTIVE_ARCH = YES;
				SDKROOT = iphoneos;
				SWIFT_ACTIVE_COMPILATION_CONDITIONS = DEBUG;
				SWIFT_OPTIMIZATION_LEVEL = "-Onone";
				TARGETED_DEVICE_FAMILY = "1,2";
			};
			name = Debug;
		};
		764C15D11E2DC4EA009D8554 /* Release */ = {
			isa = XCBuildConfiguration;
			buildSettings = {
				ALWAYS_SEARCH_USER_PATHS = NO;
				CLANG_ANALYZER_NONNULL = YES;
				CLANG_CXX_LANGUAGE_STANDARD = "gnu++0x";
				CLANG_CXX_LIBRARY = "libc++";
				CLANG_ENABLE_MODULES = YES;
				CLANG_ENABLE_OBJC_ARC = YES;
				CLANG_WARN_BOOL_CONVERSION = YES;
				CLANG_WARN_CONSTANT_CONVERSION = YES;
				CLANG_WARN_DIRECT_OBJC_ISA_USAGE = YES_ERROR;
				CLANG_WARN_DOCUMENTATION_COMMENTS = YES;
				CLANG_WARN_EMPTY_BODY = YES;
				CLANG_WARN_ENUM_CONVERSION = YES;
				CLANG_WARN_INFINITE_RECURSION = YES;
				CLANG_WARN_INT_CONVERSION = YES;
				CLANG_WARN_OBJC_ROOT_CLASS = YES_ERROR;
				CLANG_WARN_SUSPICIOUS_MOVE = YES;
				CLANG_WARN_UNREACHABLE_CODE = YES;
				CLANG_WARN__DUPLICATE_METHOD_MATCH = YES;
				"CODE_SIGN_IDENTITY[sdk=iphoneos*]" = "iPhone Developer";
				COPY_PHASE_STRIP = NO;
				DEBUG_INFORMATION_FORMAT = "dwarf-with-dsym";
				ENABLE_NS_ASSERTIONS = NO;
				ENABLE_STRICT_OBJC_MSGSEND = YES;
				GCC_C_LANGUAGE_STANDARD = gnu99;
				GCC_NO_COMMON_BLOCKS = YES;
				GCC_WARN_64_TO_32_BIT_CONVERSION = YES;
				GCC_WARN_ABOUT_RETURN_TYPE = YES_ERROR;
				GCC_WARN_UNDECLARED_SELECTOR = YES;
				GCC_WARN_UNINITIALIZED_AUTOS = YES_AGGRESSIVE;
				GCC_WARN_UNUSED_FUNCTION = YES;
				GCC_WARN_UNUSED_VARIABLE = YES;
				IPHONEOS_DEPLOYMENT_TARGET = 10.2;
				MTL_ENABLE_DEBUG_INFO = NO;
				SDKROOT = iphoneos;
				SWIFT_OPTIMIZATION_LEVEL = "-Owholemodule";
				TARGETED_DEVICE_FAMILY = "1,2";
				VALIDATE_PRODUCT = YES;
			};
			name = Release;
		};
		764C15D31E2DC4EA009D8554 /* Debug */ = {
			isa = XCBuildConfiguration;
			baseConfigurationReference = 685CC63120C8B2753848C72E /* Pods-MangaOtaku.debug.xcconfig */;
			buildSettings = {
				ASSETCATALOG_COMPILER_APPICON_NAME = AppIcon;
				CLANG_ENABLE_MODULES = YES;
				INFOPLIST_FILE = MangaOtaku/Info.plist;
				LD_RUNPATH_SEARCH_PATHS = "$(inherited) @executable_path/Frameworks";
				PRODUCT_BUNDLE_IDENTIFIER = com.od.test.MangaOtaku;
				PRODUCT_NAME = "$(TARGET_NAME)";
				SWIFT_OBJC_BRIDGING_HEADER = "MangaOtaku/Resources/MangaOtaku-Bridging-Header.h";
				SWIFT_OPTIMIZATION_LEVEL = "-Onone";
				SWIFT_VERSION = 3.0;
			};
			name = Debug;
		};
		764C15D41E2DC4EA009D8554 /* Release */ = {
			isa = XCBuildConfiguration;
			baseConfigurationReference = 59A8BAEACEDB36FF75C4D35A /* Pods-MangaOtaku.release.xcconfig */;
			buildSettings = {
				ASSETCATALOG_COMPILER_APPICON_NAME = AppIcon;
				CLANG_ENABLE_MODULES = YES;
				INFOPLIST_FILE = MangaOtaku/Info.plist;
				LD_RUNPATH_SEARCH_PATHS = "$(inherited) @executable_path/Frameworks";
				PRODUCT_BUNDLE_IDENTIFIER = com.od.test.MangaOtaku;
				PRODUCT_NAME = "$(TARGET_NAME)";
				SWIFT_OBJC_BRIDGING_HEADER = "MangaOtaku/Resources/MangaOtaku-Bridging-Header.h";
				SWIFT_VERSION = 3.0;
			};
			name = Release;
		};
		764C15D61E2DC4EA009D8554 /* Debug */ = {
			isa = XCBuildConfiguration;
			baseConfigurationReference = 78E839EE2171995D97831E09 /* Pods-MangaOtakuTests.debug.xcconfig */;
			buildSettings = {
				ALWAYS_EMBED_SWIFT_STANDARD_LIBRARIES = YES;
				BUNDLE_LOADER = "$(TEST_HOST)";
				INFOPLIST_FILE = MangaOtakuTests/Info.plist;
				LD_RUNPATH_SEARCH_PATHS = "$(inherited) @executable_path/Frameworks @loader_path/Frameworks";
				PRODUCT_BUNDLE_IDENTIFIER = com.od.test.MangaOtakuTests;
				PRODUCT_NAME = "$(TARGET_NAME)";
				SWIFT_VERSION = 3.0;
				TEST_HOST = "$(BUILT_PRODUCTS_DIR)/MangaOtaku.app/MangaOtaku";
			};
			name = Debug;
		};
		764C15D71E2DC4EA009D8554 /* Release */ = {
			isa = XCBuildConfiguration;
			baseConfigurationReference = 663863D32DEB82382547E478 /* Pods-MangaOtakuTests.release.xcconfig */;
			buildSettings = {
				ALWAYS_EMBED_SWIFT_STANDARD_LIBRARIES = YES;
				BUNDLE_LOADER = "$(TEST_HOST)";
				INFOPLIST_FILE = MangaOtakuTests/Info.plist;
				LD_RUNPATH_SEARCH_PATHS = "$(inherited) @executable_path/Frameworks @loader_path/Frameworks";
				PRODUCT_BUNDLE_IDENTIFIER = com.od.test.MangaOtakuTests;
				PRODUCT_NAME = "$(TARGET_NAME)";
				SWIFT_VERSION = 3.0;
				TEST_HOST = "$(BUILT_PRODUCTS_DIR)/MangaOtaku.app/MangaOtaku";
			};
			name = Release;
		};
		764C15D91E2DC4EA009D8554 /* Debug */ = {
			isa = XCBuildConfiguration;
			baseConfigurationReference = EACB6FBCEC2E67F3142E89AC /* Pods-MangaOtakuUITests.debug.xcconfig */;
			buildSettings = {
				ALWAYS_EMBED_SWIFT_STANDARD_LIBRARIES = YES;
				INFOPLIST_FILE = MangaOtakuUITests/Info.plist;
				LD_RUNPATH_SEARCH_PATHS = "$(inherited) @executable_path/Frameworks @loader_path/Frameworks";
				PRODUCT_BUNDLE_IDENTIFIER = com.od.test.MangaOtakuUITests;
				PRODUCT_NAME = "$(TARGET_NAME)";
				SWIFT_VERSION = 3.0;
				TEST_TARGET_NAME = MangaOtaku;
			};
			name = Debug;
		};
		764C15DA1E2DC4EA009D8554 /* Release */ = {
			isa = XCBuildConfiguration;
			baseConfigurationReference = F07450390F8559C061C7DA50 /* Pods-MangaOtakuUITests.release.xcconfig */;
			buildSettings = {
				ALWAYS_EMBED_SWIFT_STANDARD_LIBRARIES = YES;
				INFOPLIST_FILE = MangaOtakuUITests/Info.plist;
				LD_RUNPATH_SEARCH_PATHS = "$(inherited) @executable_path/Frameworks @loader_path/Frameworks";
				PRODUCT_BUNDLE_IDENTIFIER = com.od.test.MangaOtakuUITests;
				PRODUCT_NAME = "$(TARGET_NAME)";
				SWIFT_VERSION = 3.0;
				TEST_TARGET_NAME = MangaOtaku;
			};
			name = Release;
		};
/* End XCBuildConfiguration section */

/* Begin XCConfigurationList section */
		764C15A51E2DC4E9009D8554 /* Build configuration list for PBXProject "MangaOtaku" */ = {
			isa = XCConfigurationList;
			buildConfigurations = (
				764C15D01E2DC4EA009D8554 /* Debug */,
				764C15D11E2DC4EA009D8554 /* Release */,
			);
			defaultConfigurationIsVisible = 0;
			defaultConfigurationName = Release;
		};
		764C15D21E2DC4EA009D8554 /* Build configuration list for PBXNativeTarget "MangaOtaku" */ = {
			isa = XCConfigurationList;
			buildConfigurations = (
				764C15D31E2DC4EA009D8554 /* Debug */,
				764C15D41E2DC4EA009D8554 /* Release */,
			);
			defaultConfigurationIsVisible = 0;
			defaultConfigurationName = Release;
		};
		764C15D51E2DC4EA009D8554 /* Build configuration list for PBXNativeTarget "MangaOtakuTests" */ = {
			isa = XCConfigurationList;
			buildConfigurations = (
				764C15D61E2DC4EA009D8554 /* Debug */,
				764C15D71E2DC4EA009D8554 /* Release */,
			);
			defaultConfigurationIsVisible = 0;
			defaultConfigurationName = Release;
		};
		764C15D81E2DC4EA009D8554 /* Build configuration list for PBXNativeTarget "MangaOtakuUITests" */ = {
			isa = XCConfigurationList;
			buildConfigurations = (
				764C15D91E2DC4EA009D8554 /* Debug */,
				764C15DA1E2DC4EA009D8554 /* Release */,
			);
			defaultConfigurationIsVisible = 0;
			defaultConfigurationName = Release;
		};
/* End XCConfigurationList section */
	};
	rootObject = 764C15A21E2DC4E9009D8554 /* Project object */;
}
